// !$*UTF8*$!
{
	archiveVersion = 1;
	classes = {
	};
	objectVersion = 56;
	objects = {

/* Begin PBXBuildFile section */
		3A19F7C32CEB8A320053E93D /* AppDelegate.swift in Sources */ = {isa = PBXBuildFile; fileRef = 3A19F7C22CEB8A320053E93D /* AppDelegate.swift */; };
		3A19F7C52CEB8A320053E93D /* SceneDelegate.swift in Sources */ = {isa = PBXBuildFile; fileRef = 3A19F7C42CEB8A320053E93D /* SceneDelegate.swift */; };
		3A19F7C72CEB8A320053E93D /* HomeViewController.swift in Sources */ = {isa = PBXBuildFile; fileRef = 3A19F7C62CEB8A320053E93D /* HomeViewController.swift */; };
		3A19F7CC2CEB8A330053E93D /* Assets.xcassets in Resources */ = {isa = PBXBuildFile; fileRef = 3A19F7CB2CEB8A330053E93D /* Assets.xcassets */; };
		3A19F7CF2CEB8A330053E93D /* Base in Resources */ = {isa = PBXBuildFile; fileRef = 3A19F7CE2CEB8A330053E93D /* Base */; };
		3A19F7F12CEC6E8B0053E93D /* Networking.framework in Frameworks */ = {isa = PBXBuildFile; fileRef = 3A19F7F02CEC6E8B0053E93D /* Networking.framework */; };
		3A19F7F22CEC6E8B0053E93D /* Networking.framework in Embed Frameworks */ = {isa = PBXBuildFile; fileRef = 3A19F7F02CEC6E8B0053E93D /* Networking.framework */; settings = {ATTRIBUTES = (CodeSignOnCopy, RemoveHeadersOnCopy, ); }; };
		3A19F7F52CEC6F580053E93D /* HomeViewModel.swift in Sources */ = {isa = PBXBuildFile; fileRef = 3A19F7F42CEC6F580053E93D /* HomeViewModel.swift */; };
		3A19F7F82CECCB4E0053E93D /* SplashViewController.swift in Sources */ = {isa = PBXBuildFile; fileRef = 3A19F7F72CECCB4E0053E93D /* SplashViewController.swift */; };
		3A19F7FF2CEDD2890053E93D /* LoginViewController.swift in Sources */ = {isa = PBXBuildFile; fileRef = 3A19F7FE2CEDD2890053E93D /* LoginViewController.swift */; };
		3A19F8012CEDD29C0053E93D /* LoginViewModel.swift in Sources */ = {isa = PBXBuildFile; fileRef = 3A19F8002CEDD29C0053E93D /* LoginViewModel.swift */; };
		3AAF40CD2CF46B47001A0D66 /* Kingfisher in Frameworks */ = {isa = PBXBuildFile; productRef = 3AAF40CC2CF46B47001A0D66 /* Kingfisher */; };
		3AAF40D02CF5A392001A0D66 /* DetailViewController.swift in Sources */ = {isa = PBXBuildFile; fileRef = 3AAF40CF2CF5A392001A0D66 /* DetailViewController.swift */; };
		3AAF40D22CF5A3AF001A0D66 /* DetailViewModel.swift in Sources */ = {isa = PBXBuildFile; fileRef = 3AAF40D12CF5A3AF001A0D66 /* DetailViewModel.swift */; };
/* End PBXBuildFile section */

/* Begin PBXCopyFilesBuildPhase section */
		3A19F7F32CEC6E8B0053E93D /* Embed Frameworks */ = {
			isa = PBXCopyFilesBuildPhase;
			buildActionMask = 2147483647;
			dstPath = "";
			dstSubfolderSpec = 10;
			files = (
				3A19F7F22CEC6E8B0053E93D /* Networking.framework in Embed Frameworks */,
			);
			name = "Embed Frameworks";
			runOnlyForDeploymentPostprocessing = 0;
		};
/* End PBXCopyFilesBuildPhase section */

/* Begin PBXFileReference section */
		3A19F7BF2CEB8A320053E93D /* PokemonApp.app */ = {isa = PBXFileReference; explicitFileType = wrapper.application; includeInIndex = 0; path = PokemonApp.app; sourceTree = BUILT_PRODUCTS_DIR; };
		3A19F7C22CEB8A320053E93D /* AppDelegate.swift */ = {isa = PBXFileReference; lastKnownFileType = sourcecode.swift; path = AppDelegate.swift; sourceTree = "<group>"; };
		3A19F7C42CEB8A320053E93D /* SceneDelegate.swift */ = {isa = PBXFileReference; lastKnownFileType = sourcecode.swift; path = SceneDelegate.swift; sourceTree = "<group>"; };
		3A19F7C62CEB8A320053E93D /* HomeViewController.swift */ = {isa = PBXFileReference; lastKnownFileType = sourcecode.swift; path = HomeViewController.swift; sourceTree = "<group>"; };
		3A19F7CB2CEB8A330053E93D /* Assets.xcassets */ = {isa = PBXFileReference; lastKnownFileType = folder.assetcatalog; path = Assets.xcassets; sourceTree = "<group>"; };
		3A19F7CE2CEB8A330053E93D /* Base */ = {isa = PBXFileReference; lastKnownFileType = file.storyboard; name = Base; path = Base.lproj/LaunchScreen.storyboard; sourceTree = "<group>"; };
		3A19F7D02CEB8A330053E93D /* Info.plist */ = {isa = PBXFileReference; lastKnownFileType = text.plist.xml; path = Info.plist; sourceTree = "<group>"; };
		3A19F7F02CEC6E8B0053E93D /* Networking.framework */ = {isa = PBXFileReference; explicitFileType = wrapper.framework; path = Networking.framework; sourceTree = BUILT_PRODUCTS_DIR; };
		3A19F7F42CEC6F580053E93D /* HomeViewModel.swift */ = {isa = PBXFileReference; lastKnownFileType = sourcecode.swift; path = HomeViewModel.swift; sourceTree = "<group>"; };
		3A19F7F72CECCB4E0053E93D /* SplashViewController.swift */ = {isa = PBXFileReference; lastKnownFileType = sourcecode.swift; path = SplashViewController.swift; sourceTree = "<group>"; };
		3A19F7FE2CEDD2890053E93D /* LoginViewController.swift */ = {isa = PBXFileReference; lastKnownFileType = sourcecode.swift; path = LoginViewController.swift; sourceTree = "<group>"; };
		3A19F8002CEDD29C0053E93D /* LoginViewModel.swift */ = {isa = PBXFileReference; lastKnownFileType = sourcecode.swift; path = LoginViewModel.swift; sourceTree = "<group>"; };
		3AAF40CF2CF5A392001A0D66 /* DetailViewController.swift */ = {isa = PBXFileReference; lastKnownFileType = sourcecode.swift; path = DetailViewController.swift; sourceTree = "<group>"; };
		3AAF40D12CF5A3AF001A0D66 /* DetailViewModel.swift */ = {isa = PBXFileReference; lastKnownFileType = sourcecode.swift; path = DetailViewModel.swift; sourceTree = "<group>"; };
/* End PBXFileReference section */

/* Begin PBXFrameworksBuildPhase section */
		3A19F7BC2CEB8A320053E93D /* Frameworks */ = {
			isa = PBXFrameworksBuildPhase;
			buildActionMask = 2147483647;
			files = (
				3AAF40CD2CF46B47001A0D66 /* Kingfisher in Frameworks */,
				3A19F7F12CEC6E8B0053E93D /* Networking.framework in Frameworks */,
			);
			runOnlyForDeploymentPostprocessing = 0;
		};
/* End PBXFrameworksBuildPhase section */

/* Begin PBXGroup section */
		3A19F7B62CEB8A320053E93D = {
			isa = PBXGroup;
			children = (
				3A19F7C12CEB8A320053E93D /* PokemonApp */,
				3A19F7C02CEB8A320053E93D /* Products */,
				3A19F7EF2CEC6E8B0053E93D /* Frameworks */,
			);
			sourceTree = "<group>";
		};
		3A19F7C02CEB8A320053E93D /* Products */ = {
			isa = PBXGroup;
			children = (
				3A19F7BF2CEB8A320053E93D /* PokemonApp.app */,
			);
			name = Products;
			sourceTree = "<group>";
		};
		3A19F7C12CEB8A320053E93D /* PokemonApp */ = {
			isa = PBXGroup;
			children = (
				3A19F7F92CECCBDB0053E93D /* Assets */,
				3A19F7EA2CEB94780053E93D /* Screen */,
				3A19F7C22CEB8A320053E93D /* AppDelegate.swift */,
				3A19F7C42CEB8A320053E93D /* SceneDelegate.swift */,
				3A19F7CD2CEB8A330053E93D /* LaunchScreen.storyboard */,
				3A19F7D02CEB8A330053E93D /* Info.plist */,
			);
			path = PokemonApp;
			sourceTree = "<group>";
		};
		3A19F7EA2CEB94780053E93D /* Screen */ = {
			isa = PBXGroup;
			children = (
				3AAF40CE2CF5A1BF001A0D66 /* Detail */,
				3A19F7FD2CEDD26E0053E93D /* Login */,
				3A19F7F62CECCA900053E93D /* Splash */,
				3A19F7EE2CEC6DC00053E93D /* Home */,
			);
			path = Screen;
			sourceTree = "<group>";
		};
		3A19F7EE2CEC6DC00053E93D /* Home */ = {
			isa = PBXGroup;
			children = (
				3A19F7C62CEB8A320053E93D /* HomeViewController.swift */,
				3A19F7F42CEC6F580053E93D /* HomeViewModel.swift */,
			);
			path = Home;
			sourceTree = "<group>";
		};
		3A19F7EF2CEC6E8B0053E93D /* Frameworks */ = {
			isa = PBXGroup;
			children = (
				3A19F7F02CEC6E8B0053E93D /* Networking.framework */,
			);
			name = Frameworks;
			sourceTree = "<group>";
		};
		3A19F7F62CECCA900053E93D /* Splash */ = {
			isa = PBXGroup;
			children = (
				3A19F7F72CECCB4E0053E93D /* SplashViewController.swift */,
			);
			path = Splash;
			sourceTree = "<group>";
		};
		3A19F7F92CECCBDB0053E93D /* Assets */ = {
			isa = PBXGroup;
			children = (
				3A19F7CB2CEB8A330053E93D /* Assets.xcassets */,
			);
			path = Assets;
			sourceTree = "<group>";
		};
		3A19F7FD2CEDD26E0053E93D /* Login */ = {
			isa = PBXGroup;
			children = (
				3A19F7FE2CEDD2890053E93D /* LoginViewController.swift */,
				3A19F8002CEDD29C0053E93D /* LoginViewModel.swift */,
			);
			path = Login;
			sourceTree = "<group>";
		};
		3AAF40CE2CF5A1BF001A0D66 /* Detail */ = {
			isa = PBXGroup;
			children = (
				3AAF40CF2CF5A392001A0D66 /* DetailViewController.swift */,
				3AAF40D12CF5A3AF001A0D66 /* DetailViewModel.swift */,
			);
			path = Detail;
			sourceTree = "<group>";
		};
/* End PBXGroup section */

/* Begin PBXNativeTarget section */
		3A19F7BE2CEB8A320053E93D /* PokemonApp */ = {
			isa = PBXNativeTarget;
			buildConfigurationList = 3A19F7D32CEB8A330053E93D /* Build configuration list for PBXNativeTarget "PokemonApp" */;
			buildPhases = (
				3A19F7BB2CEB8A320053E93D /* Sources */,
				3A19F7BC2CEB8A320053E93D /* Frameworks */,
				3A19F7BD2CEB8A320053E93D /* Resources */,
				3A19F7F32CEC6E8B0053E93D /* Embed Frameworks */,
			);
			buildRules = (
			);
			dependencies = (
			);
			name = PokemonApp;
			packageProductDependencies = (
				3AAF40CC2CF46B47001A0D66 /* Kingfisher */,
			);
			productName = PokemonApp;
			productReference = 3A19F7BF2CEB8A320053E93D /* PokemonApp.app */;
			productType = "com.apple.product-type.application";
		};
/* End PBXNativeTarget section */

/* Begin PBXProject section */
		3A19F7B72CEB8A320053E93D /* Project object */ = {
			isa = PBXProject;
			attributes = {
				BuildIndependentTargetsInParallel = 1;
				LastSwiftUpdateCheck = 1530;
				LastUpgradeCheck = 1530;
				TargetAttributes = {
					3A19F7BE2CEB8A320053E93D = {
						CreatedOnToolsVersion = 15.3;
					};
				};
			};
			buildConfigurationList = 3A19F7BA2CEB8A320053E93D /* Build configuration list for PBXProject "PokemonApp" */;
			compatibilityVersion = "Xcode 14.0";
			developmentRegion = en;
			hasScannedForEncodings = 0;
			knownRegions = (
				en,
				Base,
			);
			mainGroup = 3A19F7B62CEB8A320053E93D;
			packageReferences = (
				3AAF40CB2CF46B47001A0D66 /* XCRemoteSwiftPackageReference "Kingfisher" */,
			);
			productRefGroup = 3A19F7C02CEB8A320053E93D /* Products */;
			projectDirPath = "";
			projectRoot = "";
			targets = (
				3A19F7BE2CEB8A320053E93D /* PokemonApp */,
			);
		};
/* End PBXProject section */

/* Begin PBXResourcesBuildPhase section */
		3A19F7BD2CEB8A320053E93D /* Resources */ = {
			isa = PBXResourcesBuildPhase;
			buildActionMask = 2147483647;
			files = (
				3A19F7CC2CEB8A330053E93D /* Assets.xcassets in Resources */,
				3A19F7CF2CEB8A330053E93D /* Base in Resources */,
			);
			runOnlyForDeploymentPostprocessing = 0;
		};
/* End PBXResourcesBuildPhase section */

/* Begin PBXSourcesBuildPhase section */
		3A19F7BB2CEB8A320053E93D /* Sources */ = {
			isa = PBXSourcesBuildPhase;
			buildActionMask = 2147483647;
			files = (
				3A19F7FF2CEDD2890053E93D /* LoginViewController.swift in Sources */,
				3A19F7C72CEB8A320053E93D /* HomeViewController.swift in Sources */,
				3A19F7C32CEB8A320053E93D /* AppDelegate.swift in Sources */,
				3A19F7C52CEB8A320053E93D /* SceneDelegate.swift in Sources */,
				3AAF40D22CF5A3AF001A0D66 /* DetailViewModel.swift in Sources */,
				3A19F7F52CEC6F580053E93D /* HomeViewModel.swift in Sources */,
				3A19F7F82CECCB4E0053E93D /* SplashViewController.swift in Sources */,
				3A19F8012CEDD29C0053E93D /* LoginViewModel.swift in Sources */,
				3AAF40D02CF5A392001A0D66 /* DetailViewController.swift in Sources */,
			);
			runOnlyForDeploymentPostprocessing = 0;
		};
/* End PBXSourcesBuildPhase section */

/* Begin PBXVariantGroup section */
		3A19F7CD2CEB8A330053E93D /* LaunchScreen.storyboard */ = {
			isa = PBXVariantGroup;
			children = (
				3A19F7CE2CEB8A330053E93D /* Base */,
			);
			name = LaunchScreen.storyboard;
			sourceTree = "<group>";
		};
/* End PBXVariantGroup section */

/* Begin XCBuildConfiguration section */
		3A19F7D12CEB8A330053E93D /* Debug */ = {
			isa = XCBuildConfiguration;
			buildSettings = {
				ALWAYS_SEARCH_USER_PATHS = NO;
				ASSETCATALOG_COMPILER_GENERATE_SWIFT_ASSET_SYMBOL_EXTENSIONS = YES;
				CLANG_ANALYZER_NONNULL = YES;
				CLANG_ANALYZER_NUMBER_OBJECT_CONVERSION = YES_AGGRESSIVE;
				CLANG_CXX_LANGUAGE_STANDARD = "gnu++20";
				CLANG_ENABLE_MODULES = YES;
				CLANG_ENABLE_OBJC_ARC = YES;
				CLANG_ENABLE_OBJC_WEAK = YES;
				CLANG_WARN_BLOCK_CAPTURE_AUTORELEASING = YES;
				CLANG_WARN_BOOL_CONVERSION = YES;
				CLANG_WARN_COMMA = YES;
				CLANG_WARN_CONSTANT_CONVERSION = YES;
				CLANG_WARN_DEPRECATED_OBJC_IMPLEMENTATIONS = YES;
				CLANG_WARN_DIRECT_OBJC_ISA_USAGE = YES_ERROR;
				CLANG_WARN_DOCUMENTATION_COMMENTS = YES;
				CLANG_WARN_EMPTY_BODY = YES;
				CLANG_WARN_ENUM_CONVERSION = YES;
				CLANG_WARN_INFINITE_RECURSION = YES;
				CLANG_WARN_INT_CONVERSION = YES;
				CLANG_WARN_NON_LITERAL_NULL_CONVERSION = YES;
				CLANG_WARN_OBJC_IMPLICIT_RETAIN_SELF = YES;
				CLANG_WARN_OBJC_LITERAL_CONVERSION = YES;
				CLANG_WARN_OBJC_ROOT_CLASS = YES_ERROR;
				CLANG_WARN_QUOTED_INCLUDE_IN_FRAMEWORK_HEADER = YES;
				CLANG_WARN_RANGE_LOOP_ANALYSIS = YES;
				CLANG_WARN_STRICT_PROTOTYPES = YES;
				CLANG_WARN_SUSPICIOUS_MOVE = YES;
				CLANG_WARN_UNGUARDED_AVAILABILITY = YES_AGGRESSIVE;
				CLANG_WARN_UNREACHABLE_CODE = YES;
				CLANG_WARN__DUPLICATE_METHOD_MATCH = YES;
				COPY_PHASE_STRIP = NO;
				DEBUG_INFORMATION_FORMAT = dwarf;
				ENABLE_STRICT_OBJC_MSGSEND = YES;
				ENABLE_TESTABILITY = YES;
				ENABLE_USER_SCRIPT_SANDBOXING = YES;
				GCC_C_LANGUAGE_STANDARD = gnu17;
				GCC_DYNAMIC_NO_PIC = NO;
				GCC_NO_COMMON_BLOCKS = YES;
				GCC_OPTIMIZATION_LEVEL = 0;
				GCC_PREPROCESSOR_DEFINITIONS = (
					"DEBUG=1",
					"$(inherited)",
				);
				GCC_WARN_64_TO_32_BIT_CONVERSION = YES;
				GCC_WARN_ABOUT_RETURN_TYPE = YES_ERROR;
				GCC_WARN_UNDECLARED_SELECTOR = YES;
				GCC_WARN_UNINITIALIZED_AUTOS = YES_AGGRESSIVE;
				GCC_WARN_UNUSED_FUNCTION = YES;
				GCC_WARN_UNUSED_VARIABLE = YES;
				IPHONEOS_DEPLOYMENT_TARGET = 17.4;
				LOCALIZATION_PREFERS_STRING_CATALOGS = YES;
				MTL_ENABLE_DEBUG_INFO = INCLUDE_SOURCE;
				MTL_FAST_MATH = YES;
				ONLY_ACTIVE_ARCH = YES;
				SDKROOT = iphoneos;
				SWIFT_ACTIVE_COMPILATION_CONDITIONS = "DEBUG $(inherited)";
				SWIFT_OPTIMIZATION_LEVEL = "-Onone";
			};
			name = Debug;
		};
		3A19F7D22CEB8A330053E93D /* Release */ = {
			isa = XCBuildConfiguration;
			buildSettings = {
				ALWAYS_SEARCH_USER_PATHS = NO;
				ASSETCATALOG_COMPILER_GENERATE_SWIFT_ASSET_SYMBOL_EXTENSIONS = YES;
				CLANG_ANALYZER_NONNULL = YES;
				CLANG_ANALYZER_NUMBER_OBJECT_CONVERSION = YES_AGGRESSIVE;
				CLANG_CXX_LANGUAGE_STANDARD = "gnu++20";
				CLANG_ENABLE_MODULES = YES;
				CLANG_ENABLE_OBJC_ARC = YES;
				CLANG_ENABLE_OBJC_WEAK = YES;
				CLANG_WARN_BLOCK_CAPTURE_AUTORELEASING = YES;
				CLANG_WARN_BOOL_CONVERSION = YES;
				CLANG_WARN_COMMA = YES;
				CLANG_WARN_CONSTANT_CONVERSION = YES;
				CLANG_WARN_DEPRECATED_OBJC_IMPLEMENTATIONS = YES;
				CLANG_WARN_DIRECT_OBJC_ISA_USAGE = YES_ERROR;
				CLANG_WARN_DOCUMENTATION_COMMENTS = YES;
				CLANG_WARN_EMPTY_BODY = YES;
				CLANG_WARN_ENUM_CONVERSION = YES;
				CLANG_WARN_INFINITE_RECURSION = YES;
				CLANG_WARN_INT_CONVERSION = YES;
				CLANG_WARN_NON_LITERAL_NULL_CONVERSION = YES;
				CLANG_WARN_OBJC_IMPLICIT_RETAIN_SELF = YES;
				CLANG_WARN_OBJC_LITERAL_CONVERSION = YES;
				CLANG_WARN_OBJC_ROOT_CLASS = YES_ERROR;
				CLANG_WARN_QUOTED_INCLUDE_IN_FRAMEWORK_HEADER = YES;
				CLANG_WARN_RANGE_LOOP_ANALYSIS = YES;
				CLANG_WARN_STRICT_PROTOTYPES = YES;
				CLANG_WARN_SUSPICIOUS_MOVE = YES;
				CLANG_WARN_UNGUARDED_AVAILABILITY = YES_AGGRESSIVE;
				CLANG_WARN_UNREACHABLE_CODE = YES;
				CLANG_WARN__DUPLICATE_METHOD_MATCH = YES;
				COPY_PHASE_STRIP = NO;
				DEBUG_INFORMATION_FORMAT = "dwarf-with-dsym";
				ENABLE_NS_ASSERTIONS = NO;
				ENABLE_STRICT_OBJC_MSGSEND = YES;
				ENABLE_USER_SCRIPT_SANDBOXING = YES;
				GCC_C_LANGUAGE_STANDARD = gnu17;
				GCC_NO_COMMON_BLOCKS = YES;
				GCC_WARN_64_TO_32_BIT_CONVERSION = YES;
				GCC_WARN_ABOUT_RETURN_TYPE = YES_ERROR;
				GCC_WARN_UNDECLARED_SELECTOR = YES;
				GCC_WARN_UNINITIALIZED_AUTOS = YES_AGGRESSIVE;
				GCC_WARN_UNUSED_FUNCTION = YES;
				GCC_WARN_UNUSED_VARIABLE = YES;
				IPHONEOS_DEPLOYMENT_TARGET = 17.4;
				LOCALIZATION_PREFERS_STRING_CATALOGS = YES;
				MTL_ENABLE_DEBUG_INFO = NO;
				MTL_FAST_MATH = YES;
				SDKROOT = iphoneos;
				SWIFT_COMPILATION_MODE = wholemodule;
				VALIDATE_PRODUCT = YES;
			};
			name = Release;
		};
		3A19F7D42CEB8A330053E93D /* Debug */ = {
			isa = XCBuildConfiguration;
			buildSettings = {
				ASSETCATALOG_COMPILER_APPICON_NAME = AppIcon;
				ASSETCATALOG_COMPILER_GLOBAL_ACCENT_COLOR_NAME = AccentColor;
				CODE_SIGN_STYLE = Automatic;
				CURRENT_PROJECT_VERSION = 1;
				GENERATE_INFOPLIST_FILE = YES;
				INFOPLIST_FILE = PokemonApp/Info.plist;
				INFOPLIST_KEY_UIApplicationSupportsIndirectInputEvents = YES;
				INFOPLIST_KEY_UILaunchStoryboardName = LaunchScreen;
				INFOPLIST_KEY_UISupportedInterfaceOrientations_iPad = "UIInterfaceOrientationPortrait UIInterfaceOrientationPortraitUpsideDown UIInterfaceOrientationLandscapeLeft UIInterfaceOrientationLandscapeRight";
				INFOPLIST_KEY_UISupportedInterfaceOrientations_iPhone = "UIInterfaceOrientationPortrait UIInterfaceOrientationLandscapeLeft UIInterfaceOrientationLandscapeRight";
				LD_RUNPATH_SEARCH_PATHS = (
					"$(inherited)",
					"@executable_path/Frameworks",
				);
				MARKETING_VERSION = 1.0;
				PRODUCT_BUNDLE_IDENTIFIER = com.CarlosAngeles.PokemonApp;
				PRODUCT_NAME = "$(TARGET_NAME)";
				SUPPORTED_PLATFORMS = "iphoneos iphonesimulator";
				SUPPORTS_MACCATALYST = NO;
				SUPPORTS_MAC_DESIGNED_FOR_IPHONE_IPAD = NO;
				SUPPORTS_XR_DESIGNED_FOR_IPHONE_IPAD = NO;
				SWIFT_EMIT_LOC_STRINGS = YES;
				SWIFT_VERSION = 5.0;
				TARGETED_DEVICE_FAMILY = 1;
			};
			name = Debug;
		};
		3A19F7D52CEB8A330053E93D /* Release */ = {
			isa = XCBuildConfiguration;
			buildSettings = {
				ASSETCATALOG_COMPILER_APPICON_NAME = AppIcon;
				ASSETCATALOG_COMPILER_GLOBAL_ACCENT_COLOR_NAME = AccentColor;
				CODE_SIGN_STYLE = Automatic;
				CURRENT_PROJECT_VERSION = 1;
				GENERATE_INFOPLIST_FILE = YES;
				INFOPLIST_FILE = PokemonApp/Info.plist;
				INFOPLIST_KEY_UIApplicationSupportsIndirectInputEvents = YES;
				INFOPLIST_KEY_UILaunchStoryboardName = LaunchScreen;
				INFOPLIST_KEY_UISupportedInterfaceOrientations_iPad = "UIInterfaceOrientationPortrait UIInterfaceOrientationPortraitUpsideDown UIInterfaceOrientationLandscapeLeft UIInterfaceOrientationLandscapeRight";
				INFOPLIST_KEY_UISupportedInterfaceOrientations_iPhone = "UIInterfaceOrientationPortrait UIInterfaceOrientationLandscapeLeft UIInterfaceOrientationLandscapeRight";
				LD_RUNPATH_SEARCH_PATHS = (
					"$(inherited)",
					"@executable_path/Frameworks",
				);
				MARKETING_VERSION = 1.0;
				PRODUCT_BUNDLE_IDENTIFIER = com.CarlosAngeles.PokemonApp;
				PRODUCT_NAME = "$(TARGET_NAME)";
				SUPPORTED_PLATFORMS = "iphoneos iphonesimulator";
				SUPPORTS_MACCATALYST = NO;
				SUPPORTS_MAC_DESIGNED_FOR_IPHONE_IPAD = NO;
				SUPPORTS_XR_DESIGNED_FOR_IPHONE_IPAD = NO;
				SWIFT_EMIT_LOC_STRINGS = YES;
				SWIFT_VERSION = 5.0;
				TARGETED_DEVICE_FAMILY = 1;
			};
			name = Release;
		};
/* End XCBuildConfiguration section */

/* Begin XCConfigurationList section */
		3A19F7BA2CEB8A320053E93D /* Build configuration list for PBXProject "PokemonApp" */ = {
			isa = XCConfigurationList;
			buildConfigurations = (
				3A19F7D12CEB8A330053E93D /* Debug */,
				3A19F7D22CEB8A330053E93D /* Release */,
			);
			defaultConfigurationIsVisible = 0;
			defaultConfigurationName = Release;
		};
		3A19F7D32CEB8A330053E93D /* Build configuration list for PBXNativeTarget "PokemonApp" */ = {
			isa = XCConfigurationList;
			buildConfigurations = (
				3A19F7D42CEB8A330053E93D /* Debug */,
				3A19F7D52CEB8A330053E93D /* Release */,
			);
			defaultConfigurationIsVisible = 0;
			defaultConfigurationName = Release;
		};
/* End XCConfigurationList section */

/* Begin XCRemoteSwiftPackageReference section */
		3AAF40CB2CF46B47001A0D66 /* XCRemoteSwiftPackageReference "Kingfisher" */ = {
			isa = XCRemoteSwiftPackageReference;
			repositoryURL = "https://github.com/onevcat/Kingfisher.git";
			requirement = {
				kind = exactVersion;
				version = 8.1.1;
			};
		};
/* End XCRemoteSwiftPackageReference section */

/* Begin XCSwiftPackageProductDependency section */
		3AAF40CC2CF46B47001A0D66 /* Kingfisher */ = {
			isa = XCSwiftPackageProductDependency;
			package = 3AAF40CB2CF46B47001A0D66 /* XCRemoteSwiftPackageReference "Kingfisher" */;
			productName = Kingfisher;
		};
/* End XCSwiftPackageProductDependency section */
	};
	rootObject = 3A19F7B72CEB8A320053E93D /* Project object */;
}
